
Microsoft Visual Studio Solution File, Format Version 12.00
Project("{2150E333-8FDC-42A3-9474-1A3956D46DE8}") = "src", "src", "{9E1236F9-8F19-4A9A-9543-578BEB06A395}"
EndProject
Project("{2150E333-8FDC-42A3-9474-1A3956D46DE8}") = "tests", "tests", "{7FD3D94D-F061-47AB-A24E-5B9AB05DD0BB}"
	ProjectSection(SolutionItems) = preProject
		tests\calculate_coverage = tests\calculate_coverage
		tests\README.md = tests\README.md
	EndProjectSection
EndProject
Project("{FAE04EC0-301F-11D3-BF4B-00C04F79EFBC}") = "ConsistentHashing", "src\ConsistentHashing\ConsistentHashing.csproj", "{A01BA2C8-A778-457A-9CE4-D44A7F430038}"
EndProject
Project("{FAE04EC0-301F-11D3-BF4B-00C04F79EFBC}") = "ConsistentHashing.Tests", "tests\ConsistentHashing.Tests\ConsistentHashing.Tests.csproj", "{C3D00353-3312-44B9-914F-1EF901376B95}"
EndProject
Project("{2150E333-8FDC-42A3-9474-1A3956D46DE8}") = "runners", "runners", "{FDCAA102-2E06-4EEE-B862-595370BBC607}"
EndProject
Project("{FAE04EC0-301F-11D3-BF4B-00C04F79EFBC}") = "ConsistentHashing.Runner.RingDistributionCalculator", "runners\ConsistentHashing.Runner.RingDistributionCalculator\ConsistentHashing.Runner.RingDistributionCalculator.csproj", "{99F9F669-1D9F-4695-881E-216FA380CE52}"
EndProject
Project("{FAE04EC0-301F-11D3-BF4B-00C04F79EFBC}") = "ConsistentHashing.Runner.ValueDistributionCalculator", "runners\ConsistentHashing.Runner.ValueDistributionCalculator\ConsistentHashing.Runner.ValueDistributionCalculator.csproj", "{60778044-51E4-4397-94CB-921B8A1B5339}"
EndProject
Project("{FAE04EC0-301F-11D3-BF4B-00C04F79EFBC}") = "Common", "src\Common\Common.csproj", "{E1A04C3C-6DE1-4505-B222-D72E433DBAD7}"
EndProject
Project("{FAE04EC0-301F-11D3-BF4B-00C04F79EFBC}") = "JumpHashing", "src\JumpHashing\JumpHashing.csproj", "{88BEEE96-ED08-40E9-BDC5-33D942363F7C}"
EndProject
Project("{FAE04EC0-301F-11D3-BF4B-00C04F79EFBC}") = "JumpHashing.Runner.ValueDistributionCalculator", "runners\JumpHashing.Runner.ValueDistributionCalculator\JumpHashing.Runner.ValueDistributionCalculator.csproj", "{40A81F3E-0083-40B5-9201-CC29B2DCCE11}"
EndProject
Project("{FAE04EC0-301F-11D3-BF4B-00C04F79EFBC}") = "JumpHashing.Tests", "tests\JumpHashing.Tests\JumpHashing.Tests.csproj", "{AD645555-F8F6-4AFA-8021-6CE1C3FA7D50}"
EndProject
Project("{FAE04EC0-301F-11D3-BF4B-00C04F79EFBC}") = "RendezvousHashing", "src\RendezvousHashing\RendezvousHashing.csproj", "{6CE902C7-E331-4519-BF3E-C3F6ECC216AB}"
EndProject
Project("{FAE04EC0-301F-11D3-BF4B-00C04F79EFBC}") = "RendezvousHashing.Runner.ValueDistributionCalculator", "runners\RendezvousHashing.Runner.ValueDistributionCalculator\RendezvousHashing.Runner.ValueDistributionCalculator.csproj", "{608803C1-64CB-4751-A6C6-750D5ADB37D4}"
EndProject
Project("{FAE04EC0-301F-11D3-BF4B-00C04F79EFBC}") = "RendezvousHashing.Tests", "tests\RendezvousHashing.Tests\RendezvousHashing.Tests.csproj", "{92853E03-3BFA-4064-8BC6-83D3DAC9E8AA}"
EndProject
Project("{2150E333-8FDC-42A3-9474-1A3956D46DE8}") = "benchmarks", "benchmarks", "{8B52958D-D94A-438C-8764-2D788D28BA8F}"
EndProject
Project("{FAE04EC0-301F-11D3-BF4B-00C04F79EFBC}") = "Sharding.Benchmarks", "benchmarks\Sharding.Benchmarks\Sharding.Benchmarks.csproj", "{0EBE26FB-A871-4D97-A2A7-8324CA4B1A0D}"
EndProject
Global
	GlobalSection(SolutionConfigurationPlatforms) = preSolution
		Debug|Any CPU = Debug|Any CPU
		Release|Any CPU = Release|Any CPU
	EndGlobalSection
	GlobalSection(NestedProjects) = preSolution
		{A01BA2C8-A778-457A-9CE4-D44A7F430038} = {9E1236F9-8F19-4A9A-9543-578BEB06A395}
		{C3D00353-3312-44B9-914F-1EF901376B95} = {7FD3D94D-F061-47AB-A24E-5B9AB05DD0BB}
		{99F9F669-1D9F-4695-881E-216FA380CE52} = {FDCAA102-2E06-4EEE-B862-595370BBC607}
		{60778044-51E4-4397-94CB-921B8A1B5339} = {FDCAA102-2E06-4EEE-B862-595370BBC607}
		{E1A04C3C-6DE1-4505-B222-D72E433DBAD7} = {9E1236F9-8F19-4A9A-9543-578BEB06A395}
		{88BEEE96-ED08-40E9-BDC5-33D942363F7C} = {9E1236F9-8F19-4A9A-9543-578BEB06A395}
		{40A81F3E-0083-40B5-9201-CC29B2DCCE11} = {FDCAA102-2E06-4EEE-B862-595370BBC607}
		{AD645555-F8F6-4AFA-8021-6CE1C3FA7D50} = {7FD3D94D-F061-47AB-A24E-5B9AB05DD0BB}
		{6CE902C7-E331-4519-BF3E-C3F6ECC216AB} = {9E1236F9-8F19-4A9A-9543-578BEB06A395}
		{608803C1-64CB-4751-A6C6-750D5ADB37D4} = {FDCAA102-2E06-4EEE-B862-595370BBC607}
		{92853E03-3BFA-4064-8BC6-83D3DAC9E8AA} = {7FD3D94D-F061-47AB-A24E-5B9AB05DD0BB}
		{0EBE26FB-A871-4D97-A2A7-8324CA4B1A0D} = {8B52958D-D94A-438C-8764-2D788D28BA8F}
	EndGlobalSection
	GlobalSection(ProjectConfigurationPlatforms) = postSolution
		{A01BA2C8-A778-457A-9CE4-D44A7F430038}.Debug|Any CPU.ActiveCfg = Debug|Any CPU
		{A01BA2C8-A778-457A-9CE4-D44A7F430038}.Debug|Any CPU.Build.0 = Debug|Any CPU
		{A01BA2C8-A778-457A-9CE4-D44A7F430038}.Release|Any CPU.ActiveCfg = Release|Any CPU
		{A01BA2C8-A778-457A-9CE4-D44A7F430038}.Release|Any CPU.Build.0 = Release|Any CPU
		{C3D00353-3312-44B9-914F-1EF901376B95}.Debug|Any CPU.ActiveCfg = Debug|Any CPU
		{C3D00353-3312-44B9-914F-1EF901376B95}.Debug|Any CPU.Build.0 = Debug|Any CPU
		{C3D00353-3312-44B9-914F-1EF901376B95}.Release|Any CPU.ActiveCfg = Release|Any CPU
		{C3D00353-3312-44B9-914F-1EF901376B95}.Release|Any CPU.Build.0 = Release|Any CPU
		{99F9F669-1D9F-4695-881E-216FA380CE52}.Debug|Any CPU.ActiveCfg = Debug|Any CPU
		{99F9F669-1D9F-4695-881E-216FA380CE52}.Debug|Any CPU.Build.0 = Debug|Any CPU
		{99F9F669-1D9F-4695-881E-216FA380CE52}.Release|Any CPU.ActiveCfg = Release|Any CPU
		{99F9F669-1D9F-4695-881E-216FA380CE52}.Release|Any CPU.Build.0 = Release|Any CPU
		{60778044-51E4-4397-94CB-921B8A1B5339}.Debug|Any CPU.ActiveCfg = Debug|Any CPU
		{60778044-51E4-4397-94CB-921B8A1B5339}.Debug|Any CPU.Build.0 = Debug|Any CPU
		{60778044-51E4-4397-94CB-921B8A1B5339}.Release|Any CPU.ActiveCfg = Release|Any CPU
		{60778044-51E4-4397-94CB-921B8A1B5339}.Release|Any CPU.Build.0 = Release|Any CPU
		{E1A04C3C-6DE1-4505-B222-D72E433DBAD7}.Debug|Any CPU.ActiveCfg = Debug|Any CPU
		{E1A04C3C-6DE1-4505-B222-D72E433DBAD7}.Debug|Any CPU.Build.0 = Debug|Any CPU
		{E1A04C3C-6DE1-4505-B222-D72E433DBAD7}.Release|Any CPU.ActiveCfg = Release|Any CPU
		{E1A04C3C-6DE1-4505-B222-D72E433DBAD7}.Release|Any CPU.Build.0 = Release|Any CPU
		{88BEEE96-ED08-40E9-BDC5-33D942363F7C}.Debug|Any CPU.ActiveCfg = Debug|Any CPU
		{88BEEE96-ED08-40E9-BDC5-33D942363F7C}.Debug|Any CPU.Build.0 = Debug|Any CPU
		{88BEEE96-ED08-40E9-BDC5-33D942363F7C}.Release|Any CPU.ActiveCfg = Release|Any CPU
		{88BEEE96-ED08-40E9-BDC5-33D942363F7C}.Release|Any CPU.Build.0 = Release|Any CPU
		{40A81F3E-0083-40B5-9201-CC29B2DCCE11}.Debug|Any CPU.ActiveCfg = Debug|Any CPU
		{40A81F3E-0083-40B5-9201-CC29B2DCCE11}.Debug|Any CPU.Build.0 = Debug|Any CPU
		{40A81F3E-0083-40B5-9201-CC29B2DCCE11}.Release|Any CPU.ActiveCfg = Release|Any CPU
		{40A81F3E-0083-40B5-9201-CC29B2DCCE11}.Release|Any CPU.Build.0 = Release|Any CPU
		{AD645555-F8F6-4AFA-8021-6CE1C3FA7D50}.Debug|Any CPU.ActiveCfg = Debug|Any CPU
		{AD645555-F8F6-4AFA-8021-6CE1C3FA7D50}.Debug|Any CPU.Build.0 = Debug|Any CPU
		{AD645555-F8F6-4AFA-8021-6CE1C3FA7D50}.Release|Any CPU.ActiveCfg = Release|Any CPU
		{AD645555-F8F6-4AFA-8021-6CE1C3FA7D50}.Release|Any CPU.Build.0 = Release|Any CPU
		{6CE902C7-E331-4519-BF3E-C3F6ECC216AB}.Debug|Any CPU.ActiveCfg = Debug|Any CPU
		{6CE902C7-E331-4519-BF3E-C3F6ECC216AB}.Debug|Any CPU.Build.0 = Debug|Any CPU
		{6CE902C7-E331-4519-BF3E-C3F6ECC216AB}.Release|Any CPU.ActiveCfg = Release|Any CPU
		{6CE902C7-E331-4519-BF3E-C3F6ECC216AB}.Release|Any CPU.Build.0 = Release|Any CPU
		{608803C1-64CB-4751-A6C6-750D5ADB37D4}.Debug|Any CPU.ActiveCfg = Debug|Any CPU
		{608803C1-64CB-4751-A6C6-750D5ADB37D4}.Debug|Any CPU.Build.0 = Debug|Any CPU
		{608803C1-64CB-4751-A6C6-750D5ADB37D4}.Release|Any CPU.ActiveCfg = Release|Any CPU
		{608803C1-64CB-4751-A6C6-750D5ADB37D4}.Release|Any CPU.Build.0 = Release|Any CPU
		{92853E03-3BFA-4064-8BC6-83D3DAC9E8AA}.Debug|Any CPU.ActiveCfg = Debug|Any CPU
		{92853E03-3BFA-4064-8BC6-83D3DAC9E8AA}.Debug|Any CPU.Build.0 = Debug|Any CPU
		{92853E03-3BFA-4064-8BC6-83D3DAC9E8AA}.Release|Any CPU.ActiveCfg = Release|Any CPU
		{92853E03-3BFA-4064-8BC6-83D3DAC9E8AA}.Release|Any CPU.Build.0 = Release|Any CPU
		{0EBE26FB-A871-4D97-A2A7-8324CA4B1A0D}.Debug|Any CPU.ActiveCfg = Debug|Any CPU
		{0EBE26FB-A871-4D97-A2A7-8324CA4B1A0D}.Debug|Any CPU.Build.0 = Debug|Any CPU
		{0EBE26FB-A871-4D97-A2A7-8324CA4B1A0D}.Release|Any CPU.ActiveCfg = Release|Any CPU
		{0EBE26FB-A871-4D97-A2A7-8324CA4B1A0D}.Release|Any CPU.Build.0 = Release|Any CPU
	EndGlobalSection
EndGlobal
